{
  "name": "bookstore-cds",
  "version": "1.0.0",
  "lockfileVersion": 3,
  "requires": true,
  "packages": {
    "": {
      "name": "bookstore-cds",
      "version": "1.0.0",
      "license": "ISC",
      "dependencies": {
        "@sap/capire-products": "file:sap-capire-products-1.0.0.tgz"
      }
    },
    "node_modules/@sap/capire-products": {
      "version": "1.0.0",
      "resolved": "file:sap-capire-products-1.0.0.tgz",
      "integrity": "sha512-B//Rw27eyCEkCB6/h7bNj5yvtPTZxIC0cP5FxQnMNiiZiRu3i0+XqpmkaXlhMKgOJeb2eGydmgELqhf5KhFgFw==",
      "license": "ISC"
    }
  }
}
